Microsoft Visual Studio Solution File, Format Version 12.00
# Visual Studio Version 17
VisualStudioVersion = 17.13.36105.23
MinimumVisualStudioVersion = 10.0.40219.1
Project("{FAE04EC0-301F-11D3-BF4B-00C04F79EFBC}") = "PaintApp", "PaintApp\PaintApp.csproj", "{06C73B9B-1869-4FF8-A1FA-415B8A17B377}"
EndProject
Global
	GlobalSection(SolutionConfigurationPlatforms) = preSolution
		Debug|Any CPU = Debug|Any CPU
		Release|Any CPU = Release|Any CPU
	EndGlobalSection
	GlobalSection(ProjectConfigurationPlatforms) = postSolution
		{06C73B9B-1869-4FF8-A1FA-415B8A17B377}.Debug|Any CPU.ActiveCfg = Debug|Any CPU
		{06C73B9B-1869-4FF8-A1FA-415B8A17B377}.Debug|Any CPU.Build.0 = Debug|Any CPU
		{06C73B9B-1869-4FF8-A1FA-415B8A17B377}.Release|Any CPU.ActiveCfg = Release|Any CPU
		{06C73B9B-1869-4FF8-A1FA-415B8A17B377}.Release|Any CPU.Build.0 = Release|Any CPU
	EndGlobalSection
	GlobalSection(SolutionProperties) = preSolution
		HideSolutionNode = FALSE
	EndGlobalSection
	GlobalSection(ExtensibilityGlobals) = postSolution
		SolutionGuid = {9CAB9231-E040-4ADE-9C66-1DF5E9C20D14}
	EndGlobalSection
EndGlobal
